
Microsoft Visual Studio Solution File, Format Version 12.00
# Visual Studio Version 16
VisualStudioVersion = 16.0.28803.202
MinimumVisualStudioVersion = 10.0.40219.1
Project("{FAE04EC0-301F-11D3-BF4B-00C04F79EFBC}") = "HumanNameTest", "HumanNameTest\HumanNameTest.csproj", "{A9297907-486D-4C97-8C0C-D971EE2B310D}"
EndProject
Global
	GlobalSection(SolutionConfigurationPlatforms) = preSolution
		Debug|Any CPU = Debug|Any CPU
		Release|Any CPU = Release|Any CPU
	EndGlobalSection
	GlobalSection(ProjectConfigurationPlatforms) = postSolution
		{A9297907-486D-4C97-8C0C-D971EE2B310D}.Debug|Any CPU.ActiveCfg = Debug|Any CPU
		{A9297907-486D-4C97-8C0C-D971EE2B310D}.Debug|Any CPU.Build.0 = Debug|Any CPU
		{A9297907-486D-4C97-8C0C-D971EE2B310D}.Release|Any CPU.ActiveCfg = Release|Any CPU
		{A9297907-486D-4C97-8C0C-D971EE2B310D}.Release|Any CPU.Build.0 = Release|Any CPU
	EndGlobalSection
	GlobalSection(SolutionProperties) = preSolution
		HideSolutionNode = FALSE
	EndGlobalSection
	GlobalSection(ExtensibilityGlobals) = postSolution
		SolutionGuid = {E9C1905F-BCBB-4AE3-8C72-5E9234E4689F}
	EndGlobalSection
EndGlobal
